
Microsoft Visual Studio Solution File, Format Version 12.00
# Visual Studio Version 17
VisualStudioVersion = 17.3.32811.315
MinimumVisualStudioVersion = 10.0.40219.1
Project("{9A19103F-16F7-4668-BE54-9A1E7A4F7556}") = "HangarBay", "HangarBay\HangarBay.csproj", "{CDB43A32-FA48-4047-83A8-BFBCF23B94F1}"
EndProject
Project("{9A19103F-16F7-4668-BE54-9A1E7A4F7556}") = "MissionControl.Shared", "MissionControl.Shared\MissionControl.Shared.csproj", "{39DC4466-AF1E-46D0-8FCE-0BEA6E6E2980}"
EndProject
Project("{9A19103F-16F7-4668-BE54-9A1E7A4F7556}") = "HangarBay.Library", "HangarBay.Library\HangarBay.Library.csproj", "{D95ADB57-92B9-4750-90D8-3E444A184600}"
EndProject
Project("{9A19103F-16F7-4668-BE54-9A1E7A4F7556}") = "HangarBay.Tests", "HangarBay.Tests\HangarBay.Tests.csproj", "{DAB5A6D4-0145-4109-82CF-CA486E2A1944}"
	ProjectSection(ProjectDependencies) = postProject
		{CDB43A32-FA48-4047-83A8-BFBCF23B94F1} = {CDB43A32-FA48-4047-83A8-BFBCF23B94F1}
	EndProjectSection
EndProject
Project("{9A19103F-16F7-4668-BE54-9A1E7A4F7556}") = "LaunchPad", "LaunchPad\LaunchPad.csproj", "{D66C19B5-B219-4D75-A217-223761C3519B}"
	ProjectSection(ProjectDependencies) = postProject
		{CFA58C27-9C30-46D2-A63A-DD62E286D060} = {CFA58C27-9C30-46D2-A63A-DD62E286D060}
	EndProjectSection
EndProject
Project("{9A19103F-16F7-4668-BE54-9A1E7A4F7556}") = "LaunchPad.Tests", "LaunchPad.Tests\LaunchPad.Tests.csproj", "{8BFFC958-F71E-489C-B99D-E89C76E5C25B}"
	ProjectSection(ProjectDependencies) = postProject
		{D66C19B5-B219-4D75-A217-223761C3519B} = {D66C19B5-B219-4D75-A217-223761C3519B}
	EndProjectSection
EndProject
Project("{9A19103F-16F7-4668-BE54-9A1E7A4F7556}") = "MissionControl.Shared.Tests", "MissionControl.Shared.Tests\MissionControl.Shared.Tests.csproj", "{E6C727A3-684A-4BD3-9BB1-5A806AD234FB}"
EndProject
Project("{9A19103F-16F7-4668-BE54-9A1E7A4F7556}") = "MissionControl.Library", "MissionControl.Library\MissionControl.Library.csproj", "{56F74C93-405F-48FE-8CDF-172925B1C044}"
EndProject
Project("{9A19103F-16F7-4668-BE54-9A1E7A4F7556}") = "MissionControl", "MissionControl\MissionControl.csproj", "{B39F709A-FA5B-4A3A-9ADD-5819F1E7B3B4}"
	ProjectSection(ProjectDependencies) = postProject
		{CFA58C27-9C30-46D2-A63A-DD62E286D060} = {CFA58C27-9C30-46D2-A63A-DD62E286D060}
	EndProjectSection
EndProject
Project("{9A19103F-16F7-4668-BE54-9A1E7A4F7556}") = "MissionControl.Tests", "MissionControl.Tests\MissionControl.Tests.csproj", "{E8BD5CB8-83F3-43D2-804E-F261E894D901}"
	ProjectSection(ProjectDependencies) = postProject
		{B39F709A-FA5B-4A3A-9ADD-5819F1E7B3B4} = {B39F709A-FA5B-4A3A-9ADD-5819F1E7B3B4}
		{CDB43A32-FA48-4047-83A8-BFBCF23B94F1} = {CDB43A32-FA48-4047-83A8-BFBCF23B94F1}
		{D66C19B5-B219-4D75-A217-223761C3519B} = {D66C19B5-B219-4D75-A217-223761C3519B}
	EndProjectSection
EndProject
Project("{9A19103F-16F7-4668-BE54-9A1E7A4F7556}") = "AssemblyRun", "AssemblyRun\AssemblyRun.csproj", "{CFA58C27-9C30-46D2-A63A-DD62E286D060}"
EndProject
Global
	GlobalSection(SolutionConfigurationPlatforms) = preSolution
		Debug|Any CPU = Debug|Any CPU
		Release|Any CPU = Release|Any CPU
	EndGlobalSection
	GlobalSection(ProjectConfigurationPlatforms) = postSolution
		{CDB43A32-FA48-4047-83A8-BFBCF23B94F1}.Debug|Any CPU.ActiveCfg = Debug|Any CPU
		{CDB43A32-FA48-4047-83A8-BFBCF23B94F1}.Debug|Any CPU.Build.0 = Debug|Any CPU
		{CDB43A32-FA48-4047-83A8-BFBCF23B94F1}.Release|Any CPU.ActiveCfg = Release|Any CPU
		{CDB43A32-FA48-4047-83A8-BFBCF23B94F1}.Release|Any CPU.Build.0 = Release|Any CPU
		{39DC4466-AF1E-46D0-8FCE-0BEA6E6E2980}.Debug|Any CPU.ActiveCfg = Debug|Any CPU
		{39DC4466-AF1E-46D0-8FCE-0BEA6E6E2980}.Debug|Any CPU.Build.0 = Debug|Any CPU
		{39DC4466-AF1E-46D0-8FCE-0BEA6E6E2980}.Release|Any CPU.ActiveCfg = Release|Any CPU
		{39DC4466-AF1E-46D0-8FCE-0BEA6E6E2980}.Release|Any CPU.Build.0 = Release|Any CPU
		{D95ADB57-92B9-4750-90D8-3E444A184600}.Debug|Any CPU.ActiveCfg = Debug|Any CPU
		{D95ADB57-92B9-4750-90D8-3E444A184600}.Debug|Any CPU.Build.0 = Debug|Any CPU
		{D95ADB57-92B9-4750-90D8-3E444A184600}.Release|Any CPU.ActiveCfg = Release|Any CPU
		{D95ADB57-92B9-4750-90D8-3E444A184600}.Release|Any CPU.Build.0 = Release|Any CPU
		{DAB5A6D4-0145-4109-82CF-CA486E2A1944}.Debug|Any CPU.ActiveCfg = Debug|Any CPU
		{DAB5A6D4-0145-4109-82CF-CA486E2A1944}.Debug|Any CPU.Build.0 = Debug|Any CPU
		{DAB5A6D4-0145-4109-82CF-CA486E2A1944}.Release|Any CPU.ActiveCfg = Release|Any CPU
		{DAB5A6D4-0145-4109-82CF-CA486E2A1944}.Release|Any CPU.Build.0 = Release|Any CPU
		{D66C19B5-B219-4D75-A217-223761C3519B}.Debug|Any CPU.ActiveCfg = Debug|Any CPU
		{D66C19B5-B219-4D75-A217-223761C3519B}.Debug|Any CPU.Build.0 = Debug|Any CPU
		{D66C19B5-B219-4D75-A217-223761C3519B}.Release|Any CPU.ActiveCfg = Release|Any CPU
		{D66C19B5-B219-4D75-A217-223761C3519B}.Release|Any CPU.Build.0 = Release|Any CPU
		{8BFFC958-F71E-489C-B99D-E89C76E5C25B}.Debug|Any CPU.ActiveCfg = Debug|Any CPU
		{8BFFC958-F71E-489C-B99D-E89C76E5C25B}.Debug|Any CPU.Build.0 = Debug|Any CPU
		{8BFFC958-F71E-489C-B99D-E89C76E5C25B}.Release|Any CPU.ActiveCfg = Release|Any CPU
		{8BFFC958-F71E-489C-B99D-E89C76E5C25B}.Release|Any CPU.Build.0 = Release|Any CPU
		{E6C727A3-684A-4BD3-9BB1-5A806AD234FB}.Debug|Any CPU.ActiveCfg = Debug|Any CPU
		{E6C727A3-684A-4BD3-9BB1-5A806AD234FB}.Debug|Any CPU.Build.0 = Debug|Any CPU
		{E6C727A3-684A-4BD3-9BB1-5A806AD234FB}.Release|Any CPU.ActiveCfg = Release|Any CPU
		{E6C727A3-684A-4BD3-9BB1-5A806AD234FB}.Release|Any CPU.Build.0 = Release|Any CPU
		{56F74C93-405F-48FE-8CDF-172925B1C044}.Debug|Any CPU.ActiveCfg = Debug|Any CPU
		{56F74C93-405F-48FE-8CDF-172925B1C044}.Debug|Any CPU.Build.0 = Debug|Any CPU
		{56F74C93-405F-48FE-8CDF-172925B1C044}.Release|Any CPU.ActiveCfg = Release|Any CPU
		{56F74C93-405F-48FE-8CDF-172925B1C044}.Release|Any CPU.Build.0 = Release|Any CPU
		{B39F709A-FA5B-4A3A-9ADD-5819F1E7B3B4}.Debug|Any CPU.ActiveCfg = Debug|Any CPU
		{B39F709A-FA5B-4A3A-9ADD-5819F1E7B3B4}.Debug|Any CPU.Build.0 = Debug|Any CPU
		{B39F709A-FA5B-4A3A-9ADD-5819F1E7B3B4}.Release|Any CPU.ActiveCfg = Release|Any CPU
		{B39F709A-FA5B-4A3A-9ADD-5819F1E7B3B4}.Release|Any CPU.Build.0 = Release|Any CPU
		{E8BD5CB8-83F3-43D2-804E-F261E894D901}.Debug|Any CPU.ActiveCfg = Debug|Any CPU
		{E8BD5CB8-83F3-43D2-804E-F261E894D901}.Debug|Any CPU.Build.0 = Debug|Any CPU
		{E8BD5CB8-83F3-43D2-804E-F261E894D901}.Release|Any CPU.ActiveCfg = Release|Any CPU
		{E8BD5CB8-83F3-43D2-804E-F261E894D901}.Release|Any CPU.Build.0 = Release|Any CPU
		{CFA58C27-9C30-46D2-A63A-DD62E286D060}.Debug|Any CPU.ActiveCfg = Debug|Any CPU
		{CFA58C27-9C30-46D2-A63A-DD62E286D060}.Debug|Any CPU.Build.0 = Debug|Any CPU
		{CFA58C27-9C30-46D2-A63A-DD62E286D060}.Release|Any CPU.ActiveCfg = Release|Any CPU
		{CFA58C27-9C30-46D2-A63A-DD62E286D060}.Release|Any CPU.Build.0 = Release|Any CPU
	EndGlobalSection
	GlobalSection(SolutionProperties) = preSolution
		HideSolutionNode = FALSE
	EndGlobalSection
	GlobalSection(ExtensibilityGlobals) = postSolution
		SolutionGuid = {16F9944C-24A5-439C-A2C2-66F060411F5B}
	EndGlobalSection
EndGlobal
